// !$*UTF8*$!
{
	archiveVersion = 1;
	classes = {
	};
	objectVersion = 46;
	objects = {

/* Begin PBXBuildFile section */
		049A795B17F54A0900B0334D /* UIKit.framework in Frameworks */ = {isa = PBXBuildFile; fileRef = 049A795A17F54A0900B0334D /* UIKit.framework */; };
		049A795D17F54A0900B0334D /* Foundation.framework in Frameworks */ = {isa = PBXBuildFile; fileRef = 049A795C17F54A0900B0334D /* Foundation.framework */; };
		049A795F17F54A0900B0334D /* CoreGraphics.framework in Frameworks */ = {isa = PBXBuildFile; fileRef = 049A795E17F54A0900B0334D /* CoreGraphics.framework */; };
		049A796517F54A0900B0334D /* InfoPlist.strings in Resources */ = {isa = PBXBuildFile; fileRef = 049A796317F54A0900B0334D /* InfoPlist.strings */; };
		049A796717F54A0900B0334D /* main.m in Sources */ = {isa = PBXBuildFile; fileRef = 049A796617F54A0900B0334D /* main.m */; };
		049A796B17F54A0900B0334D /* FinancialManagerAppDelegate.m in Sources */ = {isa = PBXBuildFile; fileRef = 049A796A17F54A0900B0334D /* FinancialManagerAppDelegate.m */; };
		049A796D17F54A0900B0334D /* Default.png in Resources */ = {isa = PBXBuildFile; fileRef = 049A796C17F54A0900B0334D /* Default.png */; };
		049A796F17F54A0900B0334D /* Default@2x.png in Resources */ = {isa = PBXBuildFile; fileRef = 049A796E17F54A0900B0334D /* Default@2x.png */; };
		049A797117F54A0900B0334D /* Default-568h@2x.png in Resources */ = {isa = PBXBuildFile; fileRef = 049A797017F54A0900B0334D /* Default-568h@2x.png */; };
		049A797417F54A0900B0334D /* MainStoryboard.storyboard in Resources */ = {isa = PBXBuildFile; fileRef = 049A797217F54A0900B0334D /* MainStoryboard.storyboard */; };
		049A797717F54A0900B0334D /* FinancialManagerViewController.m in Sources */ = {isa = PBXBuildFile; fileRef = 049A797617F54A0900B0334D /* FinancialManagerViewController.m */; };
/* End PBXBuildFile section */

/* Begin PBXFileReference section */
		049A795617F54A0900B0334D /* FinancialManager.app */ = {isa = PBXFileReference; explicitFileType = wrapper.application; includeInIndex = 0; path = FinancialManager.app; sourceTree = BUILT_PRODUCTS_DIR; };
		049A795A17F54A0900B0334D /* UIKit.framework */ = {isa = PBXFileReference; lastKnownFileType = wrapper.framework; name = UIKit.framework; path = System/Library/Frameworks/UIKit.framework; sourceTree = SDKROOT; };
		049A795C17F54A0900B0334D /* Foundation.framework */ = {isa = PBXFileReference; lastKnownFileType = wrapper.framework; name = Foundation.framework; path = System/Library/Frameworks/Foundation.framework; sourceTree = SDKROOT; };
		049A795E17F54A0900B0334D /* CoreGraphics.framework */ = {isa = PBXFileReference; lastKnownFileType = wrapper.framework; name = CoreGraphics.framework; path = System/Library/Frameworks/CoreGraphics.framework; sourceTree = SDKROOT; };
		049A796217F54A0900B0334D /* FinancialManager-Info.plist */ = {isa = PBXFileReference; lastKnownFileType = text.plist.xml; path = "FinancialManager-Info.plist"; sourceTree = "<group>"; };
		049A796417F54A0900B0334D /* en */ = {isa = PBXFileReference; lastKnownFileType = text.plist.strings; name = en; path = en.lproj/InfoPlist.strings; sourceTree = "<group>"; };
		049A796617F54A0900B0334D /* main.m */ = {isa = PBXFileReference; lastKnownFileType = sourcecode.c.objc; path = main.m; sourceTree = "<group>"; };
		049A796817F54A0900B0334D /* FinancialManager-Prefix.pch */ = {isa = PBXFileReference; lastKnownFileType = sourcecode.c.h; path = "FinancialManager-Prefix.pch"; sourceTree = "<group>"; };
		049A796917F54A0900B0334D /* FinancialManagerAppDelegate.h */ = {isa = PBXFileReference; lastKnownFileType = sourcecode.c.h; path = FinancialManagerAppDelegate.h; sourceTree = "<group>"; };
		049A796A17F54A0900B0334D /* FinancialManagerAppDelegate.m */ = {isa = PBXFileReference; lastKnownFileType = sourcecode.c.objc; path = FinancialManagerAppDelegate.m; sourceTree = "<group>"; };
		049A796C17F54A0900B0334D /* Default.png */ = {isa = PBXFileReference; lastKnownFileType = image.png; path = Default.png; sourceTree = "<group>"; };
		049A796E17F54A0900B0334D /* Default@2x.png */ = {isa = PBXFileReference; lastKnownFileType = image.png; path = "Default@2x.png"; sourceTree = "<group>"; };
		049A797017F54A0900B0334D /* Default-568h@2x.png */ = {isa = PBXFileReference; lastKnownFileType = image.png; path = "Default-568h@2x.png"; sourceTree = "<group>"; };
		049A797317F54A0900B0334D /* en */ = {isa = PBXFileReference; lastKnownFileType = file.storyboard; name = en; path = en.lproj/MainStoryboard.storyboard; sourceTree = "<group>"; };
		049A797517F54A0900B0334D /* FinancialManagerViewController.h */ = {isa = PBXFileReference; lastKnownFileType = sourcecode.c.h; path = FinancialManagerViewController.h; sourceTree = "<group>"; };
		049A797617F54A0900B0334D /* FinancialManagerViewController.m */ = {isa = PBXFileReference; lastKnownFileType = sourcecode.c.objc; path = FinancialManagerViewController.m; sourceTree = "<group>"; };
/* End PBXFileReference section */

/* Begin PBXFrameworksBuildPhase section */
		049A795317F54A0900B0334D /* Frameworks */ = {
			isa = PBXFrameworksBuildPhase;
			buildActionMask = 2147483647;
			files = (
				049A795B17F54A0900B0334D /* UIKit.framework in Frameworks */,
				049A795D17F54A0900B0334D /* Foundation.framework in Frameworks */,
				049A795F17F54A0900B0334D /* CoreGraphics.framework in Frameworks */,
			);
			runOnlyForDeploymentPostprocessing = 0;
		};
/* End PBXFrameworksBuildPhase section */

/* Begin PBXGroup section */
		049A794B17F54A0800B0334D = {
			isa = PBXGroup;
			children = (
				049A796017F54A0900B0334D /* FinancialManager */,
				049A795917F54A0900B0334D /* Frameworks */,
				049A795717F54A0900B0334D /* Products */,
			);
			sourceTree = "<group>";
		};
		049A795717F54A0900B0334D /* Products */ = {
			isa = PBXGroup;
			children = (
				049A795617F54A0900B0334D /* FinancialManager.app */,
			);
			name = Products;
			sourceTree = "<group>";
		};
		049A795917F54A0900B0334D /* Frameworks */ = {
			isa = PBXGroup;
			children = (
				049A795A17F54A0900B0334D /* UIKit.framework */,
				049A795C17F54A0900B0334D /* Foundation.framework */,
				049A795E17F54A0900B0334D /* CoreGraphics.framework */,
			);
			name = Frameworks;
			sourceTree = "<group>";
		};
		049A796017F54A0900B0334D /* FinancialManager */ = {
			isa = PBXGroup;
			children = (
				049A796917F54A0900B0334D /* FinancialManagerAppDelegate.h */,
				049A796A17F54A0900B0334D /* FinancialManagerAppDelegate.m */,
				049A797217F54A0900B0334D /* MainStoryboard.storyboard */,
				049A797517F54A0900B0334D /* FinancialManagerViewController.h */,
				049A797617F54A0900B0334D /* FinancialManagerViewController.m */,
				049A796117F54A0900B0334D /* Supporting Files */,
			);
			path = FinancialManager;
			sourceTree = "<group>";
		};
		049A796117F54A0900B0334D /* Supporting Files */ = {
			isa = PBXGroup;
			children = (
				049A796217F54A0900B0334D /* FinancialManager-Info.plist */,
				049A796317F54A0900B0334D /* InfoPlist.strings */,
				049A796617F54A0900B0334D /* main.m */,
				049A796817F54A0900B0334D /* FinancialManager-Prefix.pch */,
				049A796C17F54A0900B0334D /* Default.png */,
				049A796E17F54A0900B0334D /* Default@2x.png */,
				049A797017F54A0900B0334D /* Default-568h@2x.png */,
			);
			name = "Supporting Files";
			sourceTree = "<group>";
		};
/* End PBXGroup section */

/* Begin PBXNativeTarget section */
		049A795517F54A0900B0334D /* FinancialManager */ = {
			isa = PBXNativeTarget;
			buildConfigurationList = 049A797A17F54A0900B0334D /* Build configuration list for PBXNativeTarget "FinancialManager" */;
			buildPhases = (
				049A795217F54A0900B0334D /* Sources */,
				049A795317F54A0900B0334D /* Frameworks */,
				049A795417F54A0900B0334D /* Resources */,
			);
			buildRules = (
			);
			dependencies = (
			);
			name = FinancialManager;
			productName = FinancialManager;
			productReference = 049A795617F54A0900B0334D /* FinancialManager.app */;
			productType = "com.apple.product-type.application";
		};
/* End PBXNativeTarget section */

/* Begin PBXProject section */
		049A794D17F54A0800B0334D /* Project object */ = {
			isa = PBXProject;
			attributes = {
				CLASSPREFIX = FinancialManager;
				LastUpgradeCheck = 0450;
				ORGANIZATIONNAME = " mac";
			};
			buildConfigurationList = 049A795017F54A0800B0334D /* Build configuration list for PBXProject "FinancialManager" */;
			compatibilityVersion = "Xcode 3.2";
			developmentRegion = English;
			hasScannedForEncodings = 0;
			knownRegions = (
				en,
			);
			mainGroup = 049A794B17F54A0800B0334D;
			productRefGroup = 049A795717F54A0900B0334D /* Products */;
			projectDirPath = "";
			projectRoot = "";
			targets = (
				049A795517F54A0900B0334D /* FinancialManager */,
			);
		};
/* End PBXProject section */

/* Begin PBXResourcesBuildPhase section */
		049A795417F54A0900B0334D /* Resources */ = {
			isa = PBXResourcesBuildPhase;
			buildActionMask = 2147483647;
			files = (
				049A796517F54A0900B0334D /* InfoPlist.strings in Resources */,
				049A796D17F54A0900B0334D /* Default.png in Resources */,
				049A796F17F54A0900B0334D /* Default@2x.png in Resources */,
				049A797117F54A0900B0334D /* Default-568h@2x.png in Resources */,
				049A797417F54A0900B0334D /* MainStoryboard.storyboard in Resources */,
			);
			runOnlyForDeploymentPostprocessing = 0;
		};
/* End PBXResourcesBuildPhase section */

/* Begin PBXSourcesBuildPhase section */
		049A795217F54A0900B0334D /* Sources */ = {
			isa = PBXSourcesBuildPhase;
			buildActionMask = 2147483647;
			files = (
				049A796717F54A0900B0334D /* main.m in Sources */,
				049A796B17F54A0900B0334D /* FinancialManagerAppDelegate.m in Sources */,
				049A797717F54A0900B0334D /* FinancialManagerViewController.m in Sources */,
			);
			runOnlyForDeploymentPostprocessing = 0;
		};
/* End PBXSourcesBuildPhase section */

/* Begin PBXVariantGroup section */
		049A796317F54A0900B0334D /* InfoPlist.strings */ = {
			isa = PBXVariantGroup;
			children = (
				049A796417F54A0900B0334D /* en */,
			);
			name = InfoPlist.strings;
			sourceTree = "<group>";
		};
		049A797217F54A0900B0334D /* MainStoryboard.storyboard */ = {
			isa = PBXVariantGroup;
			children = (
				049A797317F54A0900B0334D /* en */,
			);
			name = MainStoryboard.storyboard;
			sourceTree = "<group>";
		};
/* End PBXVariantGroup section */

/* Begin XCBuildConfiguration section */
		049A797817F54A0900B0334D /* Debug */ = {
			isa = XCBuildConfiguration;
			buildSettings = {
				ALWAYS_SEARCH_USER_PATHS = NO;
				CLANG_CXX_LANGUAGE_STANDARD = "gnu++0x";
				CLANG_CXX_LIBRARY = "libc++";
				CLANG_ENABLE_OBJC_ARC = YES;
				CLANG_WARN_EMPTY_BODY = YES;
				CLANG_WARN__DUPLICATE_METHOD_MATCH = YES;
				"CODE_SIGN_IDENTITY[sdk=iphoneos*]" = "iPhone Developer";
				COPY_PHASE_STRIP = NO;
				GCC_C_LANGUAGE_STANDARD = gnu99;
				GCC_DYNAMIC_NO_PIC = NO;
				GCC_OPTIMIZATION_LEVEL = 0;
				GCC_PREPROCESSOR_DEFINITIONS = (
					"DEBUG=1",
					"$(inherited)",
				);
				GCC_SYMBOLS_PRIVATE_EXTERN = NO;
				GCC_WARN_ABOUT_RETURN_TYPE = YES;
				GCC_WARN_UNINITIALIZED_AUTOS = YES;
				GCC_WARN_UNUSED_VARIABLE = YES;
				IPHONEOS_DEPLOYMENT_TARGET = 6.0;
				ONLY_ACTIVE_ARCH = YES;
				SDKROOT = iphoneos;
			};
			name = Debug;
		};
		049A797917F54A0900B0334D /* Release */ = {
			isa = XCBuildConfiguration;
			buildSettings = {
				ALWAYS_SEARCH_USER_PATHS = NO;
				CLANG_CXX_LANGUAGE_STANDARD = "gnu++0x";
				CLANG_CXX_LIBRARY = "libc++";
				CLANG_ENABLE_OBJC_ARC = YES;
				CLANG_WARN_EMPTY_BODY = YES;
				CLANG_WARN__DUPLICATE_METHOD_MATCH = YES;
				"CODE_SIGN_IDENTITY[sdk=iphoneos*]" = "iPhone Developer";
				COPY_PHASE_STRIP = YES;
				GCC_C_LANGUAGE_STANDARD = gnu99;
				GCC_WARN_ABOUT_RETURN_TYPE = YES;
				GCC_WARN_UNINITIALIZED_AUTOS = YES;
				GCC_WARN_UNUSED_VARIABLE = YES;
				IPHONEOS_DEPLOYMENT_TARGET = 6.0;
				OTHER_CFLAGS = "-DNS_BLOCK_ASSERTIONS=1";
				SDKROOT = iphoneos;
				VALIDATE_PRODUCT = YES;
			};
			name = Release;
		};
		049A797B17F54A0900B0334D /* Debug */ = {
			isa = XCBuildConfiguration;
			buildSettings = {
				GCC_PRECOMPILE_PREFIX_HEADER = YES;
				GCC_PREFIX_HEADER = "FinancialManager/FinancialManager-Prefix.pch";
				INFOPLIST_FILE = "FinancialManager/FinancialManager-Info.plist";
				PRODUCT_NAME = "$(TARGET_NAME)";
				WRAPPER_EXTENSION = app;
			};
			name = Debug;
		};
		049A797C17F54A0900B0334D /* Release */ = {
			isa = XCBuildConfiguration;
			buildSettings = {
				GCC_PRECOMPILE_PREFIX_HEADER = YES;
				GCC_PREFIX_HEADER = "FinancialManager/FinancialManager-Prefix.pch";
				INFOPLIST_FILE = "FinancialManager/FinancialManager-Info.plist";
				PRODUCT_NAME = "$(TARGET_NAME)";
				WRAPPER_EXTENSION = app;
			};
			name = Release;
		};
/* End XCBuildConfiguration section */

/* Begin XCConfigurationList section */
		049A795017F54A0800B0334D /* Build configuration list for PBXProject "FinancialManager" */ = {
			isa = XCConfigurationList;
			buildConfigurations = (
				049A797817F54A0900B0334D /* Debug */,
				049A797917F54A0900B0334D /* Release */,
			);
			defaultConfigurationIsVisible = 0;
			defaultConfigurationName = Release;
		};
		049A797A17F54A0900B0334D /* Build configuration list for PBXNativeTarget "FinancialManager" */ = {
			isa = XCConfigurationList;
			buildConfigurations = (
				049A797B17F54A0900B0334D /* Debug */,
				049A797C17F54A0900B0334D /* Release */,
			);
			defaultConfigurationIsVisible = 0;
		};
/* End XCConfigurationList section */
	};
	rootObject = 049A794D17F54A0800B0334D /* Project object */;
}
