// !$*UTF8*$!
{
	archiveVersion = 1;
	classes = {
	};
	objectVersion = 46;
	objects = {

/* Begin PBXBuildFile section */
		04296B8117F6553700423497 /* FMCollection.m in Sources */ = {isa = PBXBuildFile; fileRef = 04296B8017F6553700423497 /* FMCollection.m */; };
		04296B8517F655CE00423497 /* FMCell.m in Sources */ = {isa = PBXBuildFile; fileRef = 04296B8417F655CE00423497 /* FMCell.m */; };
		0462F8EB17F79B29005FE399 /* FMBrain.m in Sources */ = {isa = PBXBuildFile; fileRef = 0462F8EA17F79B29005FE399 /* FMBrain.m */; };
		0462F8EE17F79C1B005FE399 /* FMTrip.m in Sources */ = {isa = PBXBuildFile; fileRef = 0462F8ED17F79C1B005FE399 /* FMTrip.m */; };
		0462F8F417F79CE9005FE399 /* FMPair.m in Sources */ = {isa = PBXBuildFile; fileRef = 0462F8F317F79CE9005FE399 /* FMPair.m */; };
		4B451E8117F6339800A9F0BE /* UIKit.framework in Frameworks */ = {isa = PBXBuildFile; fileRef = 4B451E8017F6339800A9F0BE /* UIKit.framework */; };
		4B451E8317F6339800A9F0BE /* Foundation.framework in Frameworks */ = {isa = PBXBuildFile; fileRef = 4B451E8217F6339800A9F0BE /* Foundation.framework */; };
		4B451E8517F6339800A9F0BE /* CoreGraphics.framework in Frameworks */ = {isa = PBXBuildFile; fileRef = 4B451E8417F6339800A9F0BE /* CoreGraphics.framework */; };
		4B451E8B17F6339800A9F0BE /* InfoPlist.strings in Resources */ = {isa = PBXBuildFile; fileRef = 4B451E8917F6339800A9F0BE /* InfoPlist.strings */; };
		4B451E8D17F6339800A9F0BE /* main.m in Sources */ = {isa = PBXBuildFile; fileRef = 4B451E8C17F6339800A9F0BE /* main.m */; };
		4B451E9117F6339800A9F0BE /* FMAppDelegate.m in Sources */ = {isa = PBXBuildFile; fileRef = 4B451E9017F6339800A9F0BE /* FMAppDelegate.m */; };
		4B451E9317F6339800A9F0BE /* Default.png in Resources */ = {isa = PBXBuildFile; fileRef = 4B451E9217F6339800A9F0BE /* Default.png */; };
		4B451E9517F6339800A9F0BE /* Default@2x.png in Resources */ = {isa = PBXBuildFile; fileRef = 4B451E9417F6339800A9F0BE /* Default@2x.png */; };
		4B451E9717F6339800A9F0BE /* Default-568h@2x.png in Resources */ = {isa = PBXBuildFile; fileRef = 4B451E9617F6339800A9F0BE /* Default-568h@2x.png */; };
		4B451E9A17F6339800A9F0BE /* MainStoryboard.storyboard in Resources */ = {isa = PBXBuildFile; fileRef = 4B451E9817F6339800A9F0BE /* MainStoryboard.storyboard */; };
		4B451E9D17F6339800A9F0BE /* FMViewController.m in Sources */ = {isa = PBXBuildFile; fileRef = 4B451E9C17F6339800A9F0BE /* FMViewController.m */; };
		4B451EA517F66C6A00A9F0BE /* CustomHomeCell.m in Sources */ = {isa = PBXBuildFile; fileRef = 4B451EA417F66C6A00A9F0BE /* CustomHomeCell.m */; };
		4B51D0F617F6A2480017C4D0 /* pic.jpg in Resources */ = {isa = PBXBuildFile; fileRef = 4B51D0F517F6A2480017C4D0 /* pic.jpg */; };
		4B51D0FF17F6AE790017C4D0 /* NewEventViewController.m in Sources */ = {isa = PBXBuildFile; fileRef = 4B51D0FE17F6AE790017C4D0 /* NewEventViewController.m */; };
		4B607D2117F761580070792E /* defaultPic.jpg in Resources */ = {isa = PBXBuildFile; fileRef = 4B607D2017F761580070792E /* defaultPic.jpg */; };
		4B607D2317F763ED0070792E /* defaultEventPic.png in Resources */ = {isa = PBXBuildFile; fileRef = 4B607D2217F763ED0070792E /* defaultEventPic.png */; };
		4B9CC46817F8966F0094DBAF /* mic.png in Resources */ = {isa = PBXBuildFile; fileRef = 4B9CC46717F8966F0094DBAF /* mic.png */; };
		4B9CC46A17F8996D0094DBAF /* mic.png in Resources */ = {isa = PBXBuildFile; fileRef = 4B9CC46917F8996D0094DBAF /* mic.png */; };
		4B9CC46C17F8A4390094DBAF /* bigbytelogo.png in Resources */ = {isa = PBXBuildFile; fileRef = 4B9CC46B17F8A4390094DBAF /* bigbytelogo.png */; };
		4BD08C2C17F7AAA3006C46BA /* AudioToolbox.framework in Frameworks */ = {isa = PBXBuildFile; fileRef = 4BD08C2B17F7AAA3006C46BA /* AudioToolbox.framework */; };
		4BD08C2E17F7AAAA006C46BA /* AVFoundation.framework in Frameworks */ = {isa = PBXBuildFile; fileRef = 4BD08C2D17F7AAAA006C46BA /* AVFoundation.framework */; };
		4BD08C3017F7AAAF006C46BA /* CFNetwork.framework in Frameworks */ = {isa = PBXBuildFile; fileRef = 4BD08C2F17F7AAAF006C46BA /* CFNetwork.framework */; };
		4BD08C3217F7AAB5006C46BA /* Security.framework in Frameworks */ = {isa = PBXBuildFile; fileRef = 4BD08C3117F7AAB5006C46BA /* Security.framework */; };
		4BD08C3617F7B040006C46BA /* ATTSpeechKit.a in Frameworks */ = {isa = PBXBuildFile; fileRef = 4BD08C3417F7B040006C46BA /* ATTSpeechKit.a */; };
		4BD08C3917F7B8E7006C46BA /* SpeechConfig.m in Sources */ = {isa = PBXBuildFile; fileRef = 4BD08C3817F7B8E7006C46BA /* SpeechConfig.m */; };
		4BD08C3C17F7B99D006C46BA /* SpeechAuth.m in Sources */ = {isa = PBXBuildFile; fileRef = 4BD08C3B17F7B99D006C46BA /* SpeechAuth.m */; };
		BC6FE1EB17F8ACD600E77AD2 /* collectionBG.jpg in Resources */ = {isa = PBXBuildFile; fileRef = BC6FE1EA17F8ACD600E77AD2 /* collectionBG.jpg */; };
		BC7B46A517F6804D00DD5244 /* IconButton.m in Sources */ = {isa = PBXBuildFile; fileRef = BC7B46A417F6804D00DD5244 /* IconButton.m */; };
		BCCC258017F74CE500531A9E /* TransController.m in Sources */ = {isa = PBXBuildFile; fileRef = BCCC257F17F74CE500531A9E /* TransController.m */; };
		BCCC258317F76E0700531A9E /* CollectionFlowLayout.m in Sources */ = {isa = PBXBuildFile; fileRef = BCCC258217F76E0700531A9E /* CollectionFlowLayout.m */; };
		BCCC258917F7760800531A9E /* restaurant_icon_6060.png in Resources */ = {isa = PBXBuildFile; fileRef = BCCC258417F7760700531A9E /* restaurant_icon_6060.png */; };
		BCCC258A17F7760800531A9E /* icon-attraction_6060.png in Resources */ = {isa = PBXBuildFile; fileRef = BCCC258517F7760800531A9E /* icon-attraction_6060.png */; };
		BCCC258B17F7760800531A9E /* Hotel Icon black_6060.png in Resources */ = {isa = PBXBuildFile; fileRef = BCCC258617F7760800531A9E /* Hotel Icon black_6060.png */; };
		BCCC258C17F7760800531A9E /* transaction_6060.png in Resources */ = {isa = PBXBuildFile; fileRef = BCCC258717F7760800531A9E /* transaction_6060.png */; };
		BCCC258D17F7760800531A9E /* shopping_cart_icon_6060.jpg in Resources */ = {isa = PBXBuildFile; fileRef = BCCC258817F7760800531A9E /* shopping_cart_icon_6060.jpg */; };
		BCCC259017F803F600531A9E /* menuButton.m in Sources */ = {isa = PBXBuildFile; fileRef = BCCC258F17F803F500531A9E /* menuButton.m */; };
		BCD4807E17F8C859007BEE41 /* transBG.jpg in Resources */ = {isa = PBXBuildFile; fileRef = BCD4807D17F8C858007BEE41 /* transBG.jpg */; };
/* End PBXBuildFile section */

/* Begin PBXFileReference section */
		04296B7F17F6553700423497 /* FMCollection.h */ = {isa = PBXFileReference; fileEncoding = 4; lastKnownFileType = sourcecode.c.h; path = FMCollection.h; sourceTree = "<group>"; };
		04296B8017F6553700423497 /* FMCollection.m */ = {isa = PBXFileReference; fileEncoding = 4; lastKnownFileType = sourcecode.c.objc; path = FMCollection.m; sourceTree = "<group>"; };
		04296B8317F655CE00423497 /* FMCell.h */ = {isa = PBXFileReference; fileEncoding = 4; lastKnownFileType = sourcecode.c.h; path = FMCell.h; sourceTree = "<group>"; };
		04296B8417F655CE00423497 /* FMCell.m */ = {isa = PBXFileReference; fileEncoding = 4; lastKnownFileType = sourcecode.c.objc; path = FMCell.m; sourceTree = "<group>"; };
		0462F8E917F79B29005FE399 /* FMBrain.h */ = {isa = PBXFileReference; fileEncoding = 4; lastKnownFileType = sourcecode.c.h; path = FMBrain.h; sourceTree = SOURCE_ROOT; };
		0462F8EA17F79B29005FE399 /* FMBrain.m */ = {isa = PBXFileReference; fileEncoding = 4; lastKnownFileType = sourcecode.c.objc; path = FMBrain.m; sourceTree = SOURCE_ROOT; };
		0462F8EC17F79C1B005FE399 /* FMTrip.h */ = {isa = PBXFileReference; fileEncoding = 4; lastKnownFileType = sourcecode.c.h; path = FMTrip.h; sourceTree = "<group>"; };
		0462F8ED17F79C1B005FE399 /* FMTrip.m */ = {isa = PBXFileReference; fileEncoding = 4; lastKnownFileType = sourcecode.c.objc; path = FMTrip.m; sourceTree = "<group>"; };
		0462F8F217F79CE8005FE399 /* FMPair.h */ = {isa = PBXFileReference; fileEncoding = 4; lastKnownFileType = sourcecode.c.h; path = FMPair.h; sourceTree = "<group>"; };
		0462F8F317F79CE9005FE399 /* FMPair.m */ = {isa = PBXFileReference; fileEncoding = 4; lastKnownFileType = sourcecode.c.objc; path = FMPair.m; sourceTree = "<group>"; };
		4B451E7D17F6339800A9F0BE /* FM.app */ = {isa = PBXFileReference; explicitFileType = wrapper.application; includeInIndex = 0; path = FM.app; sourceTree = BUILT_PRODUCTS_DIR; };
		4B451E8017F6339800A9F0BE /* UIKit.framework */ = {isa = PBXFileReference; lastKnownFileType = wrapper.framework; name = UIKit.framework; path = System/Library/Frameworks/UIKit.framework; sourceTree = SDKROOT; };
		4B451E8217F6339800A9F0BE /* Foundation.framework */ = {isa = PBXFileReference; lastKnownFileType = wrapper.framework; name = Foundation.framework; path = System/Library/Frameworks/Foundation.framework; sourceTree = SDKROOT; };
		4B451E8417F6339800A9F0BE /* CoreGraphics.framework */ = {isa = PBXFileReference; lastKnownFileType = wrapper.framework; name = CoreGraphics.framework; path = System/Library/Frameworks/CoreGraphics.framework; sourceTree = SDKROOT; };
		4B451E8817F6339800A9F0BE /* FM-Info.plist */ = {isa = PBXFileReference; lastKnownFileType = text.plist.xml; path = "FM-Info.plist"; sourceTree = "<group>"; };
		4B451E8A17F6339800A9F0BE /* en */ = {isa = PBXFileReference; lastKnownFileType = text.plist.strings; name = en; path = en.lproj/InfoPlist.strings; sourceTree = "<group>"; };
		4B451E8C17F6339800A9F0BE /* main.m */ = {isa = PBXFileReference; lastKnownFileType = sourcecode.c.objc; path = main.m; sourceTree = "<group>"; };
		4B451E8E17F6339800A9F0BE /* FM-Prefix.pch */ = {isa = PBXFileReference; lastKnownFileType = sourcecode.c.h; path = "FM-Prefix.pch"; sourceTree = "<group>"; };
		4B451E8F17F6339800A9F0BE /* FMAppDelegate.h */ = {isa = PBXFileReference; lastKnownFileType = sourcecode.c.h; path = FMAppDelegate.h; sourceTree = "<group>"; };
		4B451E9017F6339800A9F0BE /* FMAppDelegate.m */ = {isa = PBXFileReference; lastKnownFileType = sourcecode.c.objc; path = FMAppDelegate.m; sourceTree = "<group>"; };
		4B451E9217F6339800A9F0BE /* Default.png */ = {isa = PBXFileReference; lastKnownFileType = image.png; path = Default.png; sourceTree = "<group>"; };
		4B451E9417F6339800A9F0BE /* Default@2x.png */ = {isa = PBXFileReference; lastKnownFileType = image.png; path = "Default@2x.png"; sourceTree = "<group>"; };
		4B451E9617F6339800A9F0BE /* Default-568h@2x.png */ = {isa = PBXFileReference; lastKnownFileType = image.png; path = "Default-568h@2x.png"; sourceTree = "<group>"; };
		4B451E9917F6339800A9F0BE /* en */ = {isa = PBXFileReference; lastKnownFileType = file.storyboard; name = en; path = en.lproj/MainStoryboard.storyboard; sourceTree = "<group>"; };
		4B451E9B17F6339800A9F0BE /* FMViewController.h */ = {isa = PBXFileReference; lastKnownFileType = sourcecode.c.h; path = FMViewController.h; sourceTree = "<group>"; };
		4B451E9C17F6339800A9F0BE /* FMViewController.m */ = {isa = PBXFileReference; lastKnownFileType = sourcecode.c.objc; path = FMViewController.m; sourceTree = "<group>"; };
		4B451EA317F66C6A00A9F0BE /* CustomHomeCell.h */ = {isa = PBXFileReference; fileEncoding = 4; lastKnownFileType = sourcecode.c.h; path = CustomHomeCell.h; sourceTree = "<group>"; };
		4B451EA417F66C6A00A9F0BE /* CustomHomeCell.m */ = {isa = PBXFileReference; fileEncoding = 4; lastKnownFileType = sourcecode.c.objc; path = CustomHomeCell.m; sourceTree = "<group>"; };
		4B51D0F517F6A2480017C4D0 /* pic.jpg */ = {isa = PBXFileReference; lastKnownFileType = image.jpeg; path = pic.jpg; sourceTree = "<group>"; };
		4B51D0FD17F6AE790017C4D0 /* NewEventViewController.h */ = {isa = PBXFileReference; fileEncoding = 4; lastKnownFileType = sourcecode.c.h; name = NewEventViewController.h; path = ../NewEventViewController.h; sourceTree = "<group>"; };
		4B51D0FE17F6AE790017C4D0 /* NewEventViewController.m */ = {isa = PBXFileReference; fileEncoding = 4; lastKnownFileType = sourcecode.c.objc; name = NewEventViewController.m; path = ../NewEventViewController.m; sourceTree = "<group>"; };
		4B607D2017F761580070792E /* defaultPic.jpg */ = {isa = PBXFileReference; lastKnownFileType = image.jpeg; path = defaultPic.jpg; sourceTree = "<group>"; };
		4B607D2217F763ED0070792E /* defaultEventPic.png */ = {isa = PBXFileReference; lastKnownFileType = image.png; path = defaultEventPic.png; sourceTree = "<group>"; };
		4B9CC46717F8966F0094DBAF /* mic.png */ = {isa = PBXFileReference; lastKnownFileType = image.png; path = mic.png; sourceTree = "<group>"; };
		4B9CC46917F8996D0094DBAF /* mic.png */ = {isa = PBXFileReference; lastKnownFileType = image.png; path = mic.png; sourceTree = "<group>"; };
		4B9CC46B17F8A4390094DBAF /* bigbytelogo.png */ = {isa = PBXFileReference; lastKnownFileType = image.png; path = bigbytelogo.png; sourceTree = "<group>"; };
		4BD08C2B17F7AAA3006C46BA /* AudioToolbox.framework */ = {isa = PBXFileReference; lastKnownFileType = wrapper.framework; name = AudioToolbox.framework; path = System/Library/Frameworks/AudioToolbox.framework; sourceTree = SDKROOT; };
		4BD08C2D17F7AAAA006C46BA /* AVFoundation.framework */ = {isa = PBXFileReference; lastKnownFileType = wrapper.framework; name = AVFoundation.framework; path = System/Library/Frameworks/AVFoundation.framework; sourceTree = SDKROOT; };
		4BD08C2F17F7AAAF006C46BA /* CFNetwork.framework */ = {isa = PBXFileReference; lastKnownFileType = wrapper.framework; name = CFNetwork.framework; path = System/Library/Frameworks/CFNetwork.framework; sourceTree = SDKROOT; };
		4BD08C3117F7AAB5006C46BA /* Security.framework */ = {isa = PBXFileReference; lastKnownFileType = wrapper.framework; name = Security.framework; path = System/Library/Frameworks/Security.framework; sourceTree = SDKROOT; };
		4BD08C3417F7B040006C46BA /* ATTSpeechKit.a */ = {isa = PBXFileReference; lastKnownFileType = archive.ar; path = ATTSpeechKit.a; sourceTree = "<group>"; };
		4BD08C3517F7B040006C46BA /* ATTSpeechKit.h */ = {isa = PBXFileReference; fileEncoding = 4; lastKnownFileType = sourcecode.c.h; path = ATTSpeechKit.h; sourceTree = "<group>"; };
		4BD08C3717F7B8E7006C46BA /* SpeechConfig.h */ = {isa = PBXFileReference; fileEncoding = 4; lastKnownFileType = sourcecode.c.h; name = SpeechConfig.h; path = ATTSpeechKit/SpeechConfig.h; sourceTree = SOURCE_ROOT; };
		4BD08C3817F7B8E7006C46BA /* SpeechConfig.m */ = {isa = PBXFileReference; fileEncoding = 4; lastKnownFileType = sourcecode.c.objc; name = SpeechConfig.m; path = ATTSpeechKit/SpeechConfig.m; sourceTree = SOURCE_ROOT; };
		4BD08C3A17F7B99D006C46BA /* SpeechAuth.h */ = {isa = PBXFileReference; fileEncoding = 4; lastKnownFileType = sourcecode.c.h; path = SpeechAuth.h; sourceTree = "<group>"; };
		4BD08C3B17F7B99D006C46BA /* SpeechAuth.m */ = {isa = PBXFileReference; fileEncoding = 4; lastKnownFileType = sourcecode.c.objc; path = SpeechAuth.m; sourceTree = "<group>"; };
		BC6FE1EA17F8ACD600E77AD2 /* collectionBG.jpg */ = {isa = PBXFileReference; lastKnownFileType = image.jpeg; path = collectionBG.jpg; sourceTree = "<group>"; };
		BC7B46A317F6804D00DD5244 /* IconButton.h */ = {isa = PBXFileReference; fileEncoding = 4; lastKnownFileType = sourcecode.c.h; path = IconButton.h; sourceTree = "<group>"; };
		BC7B46A417F6804D00DD5244 /* IconButton.m */ = {isa = PBXFileReference; fileEncoding = 4; lastKnownFileType = sourcecode.c.objc; path = IconButton.m; sourceTree = "<group>"; };
		BCCC257E17F74CE500531A9E /* TransController.h */ = {isa = PBXFileReference; fileEncoding = 4; lastKnownFileType = sourcecode.c.h; path = TransController.h; sourceTree = "<group>"; };
		BCCC257F17F74CE500531A9E /* TransController.m */ = {isa = PBXFileReference; fileEncoding = 4; lastKnownFileType = sourcecode.c.objc; path = TransController.m; sourceTree = "<group>"; };
		BCCC258117F76E0700531A9E /* CollectionFlowLayout.h */ = {isa = PBXFileReference; fileEncoding = 4; lastKnownFileType = sourcecode.c.h; path = CollectionFlowLayout.h; sourceTree = "<group>"; };
		BCCC258217F76E0700531A9E /* CollectionFlowLayout.m */ = {isa = PBXFileReference; fileEncoding = 4; lastKnownFileType = sourcecode.c.objc; path = CollectionFlowLayout.m; sourceTree = "<group>"; };
		BCCC258417F7760700531A9E /* restaurant_icon_6060.png */ = {isa = PBXFileReference; lastKnownFileType = image.png; path = restaurant_icon_6060.png; sourceTree = "<group>"; };
		BCCC258517F7760800531A9E /* icon-attraction_6060.png */ = {isa = PBXFileReference; lastKnownFileType = image.png; path = "icon-attraction_6060.png"; sourceTree = "<group>"; };
		BCCC258617F7760800531A9E /* Hotel Icon black_6060.png */ = {isa = PBXFileReference; lastKnownFileType = image.png; path = "Hotel Icon black_6060.png"; sourceTree = "<group>"; };
		BCCC258717F7760800531A9E /* transaction_6060.png */ = {isa = PBXFileReference; lastKnownFileType = image.png; path = transaction_6060.png; sourceTree = "<group>"; };
		BCCC258817F7760800531A9E /* shopping_cart_icon_6060.jpg */ = {isa = PBXFileReference; lastKnownFileType = image.jpeg; path = shopping_cart_icon_6060.jpg; sourceTree = "<group>"; };
		BCCC258E17F803F500531A9E /* menuButton.h */ = {isa = PBXFileReference; fileEncoding = 4; lastKnownFileType = sourcecode.c.h; path = menuButton.h; sourceTree = "<group>"; };
		BCCC258F17F803F500531A9E /* menuButton.m */ = {isa = PBXFileReference; fileEncoding = 4; lastKnownFileType = sourcecode.c.objc; path = menuButton.m; sourceTree = "<group>"; };
		BCD4807D17F8C858007BEE41 /* transBG.jpg */ = {isa = PBXFileReference; lastKnownFileType = image.jpeg; path = transBG.jpg; sourceTree = "<group>"; };
/* End PBXFileReference section */

/* Begin PBXFrameworksBuildPhase section */
		4B451E7A17F6339800A9F0BE /* Frameworks */ = {
			isa = PBXFrameworksBuildPhase;
			buildActionMask = 2147483647;
			files = (
				4BD08C3217F7AAB5006C46BA /* Security.framework in Frameworks */,
				4BD08C3017F7AAAF006C46BA /* CFNetwork.framework in Frameworks */,
				4BD08C2E17F7AAAA006C46BA /* AVFoundation.framework in Frameworks */,
				4BD08C2C17F7AAA3006C46BA /* AudioToolbox.framework in Frameworks */,
				4B451E8117F6339800A9F0BE /* UIKit.framework in Frameworks */,
				4B451E8317F6339800A9F0BE /* Foundation.framework in Frameworks */,
				4B451E8517F6339800A9F0BE /* CoreGraphics.framework in Frameworks */,
				4BD08C3617F7B040006C46BA /* ATTSpeechKit.a in Frameworks */,
			);
			runOnlyForDeploymentPostprocessing = 0;
		};
/* End PBXFrameworksBuildPhase section */

/* Begin PBXGroup section */
		4B451E7417F6339800A9F0BE = {
			isa = PBXGroup;
			children = (
				4BD08C3317F7B040006C46BA /* ATTSpeechKit */,
				4BD08C3117F7AAB5006C46BA /* Security.framework */,
				4BD08C2F17F7AAAF006C46BA /* CFNetwork.framework */,
				4BD08C2D17F7AAAA006C46BA /* AVFoundation.framework */,
				4BD08C2B17F7AAA3006C46BA /* AudioToolbox.framework */,
				4B451E8617F6339800A9F0BE /* FM */,
				4B451E7F17F6339800A9F0BE /* Frameworks */,
				4B451E7E17F6339800A9F0BE /* Products */,
			);
			sourceTree = "<group>";
		};
		4B451E7E17F6339800A9F0BE /* Products */ = {
			isa = PBXGroup;
			children = (
				4B451E7D17F6339800A9F0BE /* FM.app */,
			);
			name = Products;
			sourceTree = "<group>";
		};
		4B451E7F17F6339800A9F0BE /* Frameworks */ = {
			isa = PBXGroup;
			children = (
				4B451E8017F6339800A9F0BE /* UIKit.framework */,
				4B451E8217F6339800A9F0BE /* Foundation.framework */,
				4B451E8417F6339800A9F0BE /* CoreGraphics.framework */,
			);
			name = Frameworks;
			sourceTree = "<group>";
		};
		4B451E8617F6339800A9F0BE /* FM */ = {
			isa = PBXGroup;
			children = (
				BCD4807D17F8C858007BEE41 /* transBG.jpg */,
				BC6FE1EA17F8ACD600E77AD2 /* collectionBG.jpg */,
				4B451E8F17F6339800A9F0BE /* FMAppDelegate.h */,
				4B451E9017F6339800A9F0BE /* FMAppDelegate.m */,
				4B451E9B17F6339800A9F0BE /* FMViewController.h */,
				4B451E9C17F6339800A9F0BE /* FMViewController.m */,
				4B51D0FD17F6AE790017C4D0 /* NewEventViewController.h */,
				4B51D0FE17F6AE790017C4D0 /* NewEventViewController.m */,
				04296B7F17F6553700423497 /* FMCollection.h */,
				04296B8017F6553700423497 /* FMCollection.m */,
				0462F8E917F79B29005FE399 /* FMBrain.h */,
				0462F8EC17F79C1B005FE399 /* FMTrip.h */,
				0462F8F217F79CE8005FE399 /* FMPair.h */,
				0462F8F317F79CE9005FE399 /* FMPair.m */,
				0462F8ED17F79C1B005FE399 /* FMTrip.m */,
				0462F8EA17F79B29005FE399 /* FMBrain.m */,
				4B9CC46B17F8A4390094DBAF /* bigbytelogo.png */,
				4B9CC46917F8996D0094DBAF /* mic.png */,
				4B9CC46717F8966F0094DBAF /* mic.png */,
				BCCC258417F7760700531A9E /* restaurant_icon_6060.png */,
				BCCC258517F7760800531A9E /* icon-attraction_6060.png */,
				BCCC258617F7760800531A9E /* Hotel Icon black_6060.png */,
				BCCC258717F7760800531A9E /* transaction_6060.png */,
				BCCC258817F7760800531A9E /* shopping_cart_icon_6060.jpg */,
				4BD08C3717F7B8E7006C46BA /* SpeechConfig.h */,
				4BD08C3817F7B8E7006C46BA /* SpeechConfig.m */,
				4BD08C3A17F7B99D006C46BA /* SpeechAuth.h */,
				4BD08C3B17F7B99D006C46BA /* SpeechAuth.m */,
				4B451E9817F6339800A9F0BE /* MainStoryboard.storyboard */,
				04296B8317F655CE00423497 /* FMCell.h */,
				04296B8417F655CE00423497 /* FMCell.m */,
				4B51D0F517F6A2480017C4D0 /* pic.jpg */,
				4B607D2217F763ED0070792E /* defaultEventPic.png */,
				4B607D2017F761580070792E /* defaultPic.jpg */,
				4B451EA317F66C6A00A9F0BE /* CustomHomeCell.h */,
				4B451EA417F66C6A00A9F0BE /* CustomHomeCell.m */,
				4B451E8717F6339800A9F0BE /* Supporting Files */,
				BC7B46A317F6804D00DD5244 /* IconButton.h */,
				BC7B46A417F6804D00DD5244 /* IconButton.m */,
				BCCC257E17F74CE500531A9E /* TransController.h */,
				BCCC257F17F74CE500531A9E /* TransController.m */,
				BCCC258117F76E0700531A9E /* CollectionFlowLayout.h */,
				BCCC258217F76E0700531A9E /* CollectionFlowLayout.m */,
				BCCC258E17F803F500531A9E /* menuButton.h */,
				BCCC258F17F803F500531A9E /* menuButton.m */,
			);
			path = FM;
			sourceTree = "<group>";
		};
		4B451E8717F6339800A9F0BE /* Supporting Files */ = {
			isa = PBXGroup;
			children = (
				4B451E8817F6339800A9F0BE /* FM-Info.plist */,
				4B451E8917F6339800A9F0BE /* InfoPlist.strings */,
				4B451E8C17F6339800A9F0BE /* main.m */,
				4B451E8E17F6339800A9F0BE /* FM-Prefix.pch */,
				4B451E9217F6339800A9F0BE /* Default.png */,
				4B451E9417F6339800A9F0BE /* Default@2x.png */,
				4B451E9617F6339800A9F0BE /* Default-568h@2x.png */,
			);
			name = "Supporting Files";
			sourceTree = "<group>";
		};
		4BD08C3317F7B040006C46BA /* ATTSpeechKit */ = {
			isa = PBXGroup;
			children = (
				4BD08C3417F7B040006C46BA /* ATTSpeechKit.a */,
				4BD08C3517F7B040006C46BA /* ATTSpeechKit.h */,
			);
			path = ATTSpeechKit;
			sourceTree = "<group>";
		};
/* End PBXGroup section */

/* Begin PBXNativeTarget section */
		4B451E7C17F6339800A9F0BE /* FM */ = {
			isa = PBXNativeTarget;
			buildConfigurationList = 4B451EA017F6339800A9F0BE /* Build configuration list for PBXNativeTarget "FM" */;
			buildPhases = (
				4B451E7917F6339800A9F0BE /* Sources */,
				4B451E7A17F6339800A9F0BE /* Frameworks */,
				4B451E7B17F6339800A9F0BE /* Resources */,
			);
			buildRules = (
			);
			dependencies = (
			);
			name = FM;
			productName = FM;
			productReference = 4B451E7D17F6339800A9F0BE /* FM.app */;
			productType = "com.apple.product-type.application";
		};
/* End PBXNativeTarget section */

/* Begin PBXProject section */
		4B451E7517F6339800A9F0BE /* Project object */ = {
			isa = PBXProject;
			attributes = {
				CLASSPREFIX = FM;
				LastUpgradeCheck = 0460;
				ORGANIZATIONNAME = "Duke CS";
			};
			buildConfigurationList = 4B451E7817F6339800A9F0BE /* Build configuration list for PBXProject "FM" */;
			compatibilityVersion = "Xcode 3.2";
			developmentRegion = English;
			hasScannedForEncodings = 0;
			knownRegions = (
				en,
			);
			mainGroup = 4B451E7417F6339800A9F0BE;
			productRefGroup = 4B451E7E17F6339800A9F0BE /* Products */;
			projectDirPath = "";
			projectRoot = "";
			targets = (
				4B451E7C17F6339800A9F0BE /* FM */,
			);
		};
/* End PBXProject section */

/* Begin PBXResourcesBuildPhase section */
		4B451E7B17F6339800A9F0BE /* Resources */ = {
			isa = PBXResourcesBuildPhase;
			buildActionMask = 2147483647;
			files = (
				4B451E8B17F6339800A9F0BE /* InfoPlist.strings in Resources */,
				4B451E9317F6339800A9F0BE /* Default.png in Resources */,
				4B451E9517F6339800A9F0BE /* Default@2x.png in Resources */,
				4B451E9717F6339800A9F0BE /* Default-568h@2x.png in Resources */,
				4B451E9A17F6339800A9F0BE /* MainStoryboard.storyboard in Resources */,
				4B51D0F617F6A2480017C4D0 /* pic.jpg in Resources */,
				BCCC258917F7760800531A9E /* restaurant_icon_6060.png in Resources */,
				BCCC258A17F7760800531A9E /* icon-attraction_6060.png in Resources */,
				BCCC258B17F7760800531A9E /* Hotel Icon black_6060.png in Resources */,
				BCCC258C17F7760800531A9E /* transaction_6060.png in Resources */,
				BCCC258D17F7760800531A9E /* shopping_cart_icon_6060.jpg in Resources */,
				4B607D2117F761580070792E /* defaultPic.jpg in Resources */,
				4B607D2317F763ED0070792E /* defaultEventPic.png in Resources */,
				4B9CC46817F8966F0094DBAF /* mic.png in Resources */,
				4B9CC46A17F8996D0094DBAF /* mic.png in Resources */,
				4B9CC46C17F8A4390094DBAF /* bigbytelogo.png in Resources */,
				BC6FE1EB17F8ACD600E77AD2 /* collectionBG.jpg in Resources */,
				BCD4807E17F8C859007BEE41 /* transBG.jpg in Resources */,
			);
			runOnlyForDeploymentPostprocessing = 0;
		};
/* End PBXResourcesBuildPhase section */

/* Begin PBXSourcesBuildPhase section */
		4B451E7917F6339800A9F0BE /* Sources */ = {
			isa = PBXSourcesBuildPhase;
			buildActionMask = 2147483647;
			files = (
				4B451E8D17F6339800A9F0BE /* main.m in Sources */,
				4B451E9117F6339800A9F0BE /* FMAppDelegate.m in Sources */,
				4B451E9D17F6339800A9F0BE /* FMViewController.m in Sources */,
				4B451EA517F66C6A00A9F0BE /* CustomHomeCell.m in Sources */,
				04296B8117F6553700423497 /* FMCollection.m in Sources */,
				04296B8517F655CE00423497 /* FMCell.m in Sources */,
				BC7B46A517F6804D00DD5244 /* IconButton.m in Sources */,
				4B51D0FF17F6AE790017C4D0 /* NewEventViewController.m in Sources */,
				BCCC258017F74CE500531A9E /* TransController.m in Sources */,
				4BD08C3917F7B8E7006C46BA /* SpeechConfig.m in Sources */,
				4BD08C3C17F7B99D006C46BA /* SpeechAuth.m in Sources */,
				BCCC258317F76E0700531A9E /* CollectionFlowLayout.m in Sources */,
				0462F8EB17F79B29005FE399 /* FMBrain.m in Sources */,
				0462F8EE17F79C1B005FE399 /* FMTrip.m in Sources */,
				0462F8F417F79CE9005FE399 /* FMPair.m in Sources */,
				BCCC259017F803F600531A9E /* menuButton.m in Sources */,
			);
			runOnlyForDeploymentPostprocessing = 0;
		};
/* End PBXSourcesBuildPhase section */

/* Begin PBXVariantGroup section */
		4B451E8917F6339800A9F0BE /* InfoPlist.strings */ = {
			isa = PBXVariantGroup;
			children = (
				4B451E8A17F6339800A9F0BE /* en */,
			);
			name = InfoPlist.strings;
			sourceTree = "<group>";
		};
		4B451E9817F6339800A9F0BE /* MainStoryboard.storyboard */ = {
			isa = PBXVariantGroup;
			children = (
				4B451E9917F6339800A9F0BE /* en */,
			);
			name = MainStoryboard.storyboard;
			sourceTree = "<group>";
		};
/* End PBXVariantGroup section */

/* Begin XCBuildConfiguration section */
		4B451E9E17F6339800A9F0BE /* Debug */ = {
			isa = XCBuildConfiguration;
			buildSettings = {
				ALWAYS_SEARCH_USER_PATHS = NO;
				CLANG_CXX_LANGUAGE_STANDARD = "gnu++0x";
				CLANG_CXX_LIBRARY = "libc++";
				CLANG_ENABLE_OBJC_ARC = YES;
				CLANG_WARN_CONSTANT_CONVERSION = YES;
				CLANG_WARN_EMPTY_BODY = YES;
				CLANG_WARN_ENUM_CONVERSION = YES;
				CLANG_WARN_INT_CONVERSION = YES;
				CLANG_WARN__DUPLICATE_METHOD_MATCH = YES;
				"CODE_SIGN_IDENTITY[sdk=iphoneos*]" = "iPhone Developer";
				COPY_PHASE_STRIP = NO;
				GCC_C_LANGUAGE_STANDARD = gnu99;
				GCC_DYNAMIC_NO_PIC = NO;
				GCC_OPTIMIZATION_LEVEL = 0;
				GCC_PREPROCESSOR_DEFINITIONS = (
					"DEBUG=1",
					"$(inherited)",
				);
				GCC_SYMBOLS_PRIVATE_EXTERN = NO;
				GCC_WARN_ABOUT_RETURN_TYPE = YES;
				GCC_WARN_UNINITIALIZED_AUTOS = YES;
				GCC_WARN_UNUSED_VARIABLE = YES;
				IPHONEOS_DEPLOYMENT_TARGET = 6.1;
				ONLY_ACTIVE_ARCH = YES;
				SDKROOT = iphoneos;
				TARGETED_DEVICE_FAMILY = 2;
			};
			name = Debug;
		};
		4B451E9F17F6339800A9F0BE /* Release */ = {
			isa = XCBuildConfiguration;
			buildSettings = {
				ALWAYS_SEARCH_USER_PATHS = NO;
				CLANG_CXX_LANGUAGE_STANDARD = "gnu++0x";
				CLANG_CXX_LIBRARY = "libc++";
				CLANG_ENABLE_OBJC_ARC = YES;
				CLANG_WARN_CONSTANT_CONVERSION = YES;
				CLANG_WARN_EMPTY_BODY = YES;
				CLANG_WARN_ENUM_CONVERSION = YES;
				CLANG_WARN_INT_CONVERSION = YES;
				CLANG_WARN__DUPLICATE_METHOD_MATCH = YES;
				"CODE_SIGN_IDENTITY[sdk=iphoneos*]" = "iPhone Developer";
				COPY_PHASE_STRIP = YES;
				GCC_C_LANGUAGE_STANDARD = gnu99;
				GCC_WARN_ABOUT_RETURN_TYPE = YES;
				GCC_WARN_UNINITIALIZED_AUTOS = YES;
				GCC_WARN_UNUSED_VARIABLE = YES;
				IPHONEOS_DEPLOYMENT_TARGET = 6.1;
				OTHER_CFLAGS = "-DNS_BLOCK_ASSERTIONS=1";
				SDKROOT = iphoneos;
				TARGETED_DEVICE_FAMILY = 2;
				VALIDATE_PRODUCT = YES;
			};
			name = Release;
		};
		4B451EA117F6339800A9F0BE /* Debug */ = {
			isa = XCBuildConfiguration;
			buildSettings = {
				GCC_PRECOMPILE_PREFIX_HEADER = YES;
				GCC_PREFIX_HEADER = "FM/FM-Prefix.pch";
				INFOPLIST_FILE = "FM/FM-Info.plist";
				LIBRARY_SEARCH_PATHS = (
					"$(inherited)",
					"\"$(SRCROOT)/ATTSpeechKit\"",
				);
				PRODUCT_NAME = "$(TARGET_NAME)";
				TARGETED_DEVICE_FAMILY = "1,2";
				WRAPPER_EXTENSION = app;
			};
			name = Debug;
		};
		4B451EA217F6339800A9F0BE /* Release */ = {
			isa = XCBuildConfiguration;
			buildSettings = {
				GCC_PRECOMPILE_PREFIX_HEADER = YES;
				GCC_PREFIX_HEADER = "FM/FM-Prefix.pch";
				INFOPLIST_FILE = "FM/FM-Info.plist";
				LIBRARY_SEARCH_PATHS = (
					"$(inherited)",
					"\"$(SRCROOT)/ATTSpeechKit\"",
				);
				PRODUCT_NAME = "$(TARGET_NAME)";
				TARGETED_DEVICE_FAMILY = "1,2";
				WRAPPER_EXTENSION = app;
			};
			name = Release;
		};
/* End XCBuildConfiguration section */

/* Begin XCConfigurationList section */
		4B451E7817F6339800A9F0BE /* Build configuration list for PBXProject "FM" */ = {
			isa = XCConfigurationList;
			buildConfigurations = (
				4B451E9E17F6339800A9F0BE /* Debug */,
				4B451E9F17F6339800A9F0BE /* Release */,
			);
			defaultConfigurationIsVisible = 0;
			defaultConfigurationName = Release;
		};
		4B451EA017F6339800A9F0BE /* Build configuration list for PBXNativeTarget "FM" */ = {
			isa = XCConfigurationList;
			buildConfigurations = (
				4B451EA117F6339800A9F0BE /* Debug */,
				4B451EA217F6339800A9F0BE /* Release */,
			);
			defaultConfigurationIsVisible = 0;
			defaultConfigurationName = Release;
		};
/* End XCConfigurationList section */
	};
	rootObject = 4B451E7517F6339800A9F0BE /* Project object */;
}
